
Microsoft Visual Studio Solution File, Format Version 12.00
# Visual Studio Version 16
VisualStudioVersion = 16.0.30611.23
MinimumVisualStudioVersion = 10.0.40219.1
Project("{FAE04EC0-301F-11D3-BF4B-00C04F79EFBC}") = "FileApi", "FileApi\FileApi.csproj", "{CC178AEC-2E44-4397-9218-68ED79CF1B61}"
EndProject
Global
	GlobalSection(SolutionConfigurationPlatforms) = preSolution
		Debug|Any CPU = Debug|Any CPU
		Release|Any CPU = Release|Any CPU
	EndGlobalSection
	GlobalSection(ProjectConfigurationPlatforms) = postSolution
		{CC178AEC-2E44-4397-9218-68ED79CF1B61}.Debug|Any CPU.ActiveCfg = Debug|Any CPU
		{CC178AEC-2E44-4397-9218-68ED79CF1B61}.Debug|Any CPU.Build.0 = Debug|Any CPU
		{CC178AEC-2E44-4397-9218-68ED79CF1B61}.Release|Any CPU.ActiveCfg = Release|Any CPU
		{CC178AEC-2E44-4397-9218-68ED79CF1B61}.Release|Any CPU.Build.0 = Release|Any CPU
	EndGlobalSection
	GlobalSection(SolutionProperties) = preSolution
		HideSolutionNode = FALSE
	EndGlobalSection
	GlobalSection(ExtensibilityGlobals) = postSolution
		SolutionGuid = {2DF48746-20E3-4E9C-B667-BCF12ABA3972}
	EndGlobalSection
EndGlobal
